// !$*UTF8*$!
{
	archiveVersion = 1;
	classes = {
	};
	objectVersion = 46;
	objects = {

/* Begin PBXBuildFile section */
		A5151EAE1D8F72F100A9C5DC /* bite.wav in Resources */ = {isa = PBXBuildFile; fileRef = A5151EA91D8F72F100A9C5DC /* bite.wav */; };
		A5151EAF1D8F72F100A9C5DC /* cave-music.mp3 in Resources */ = {isa = PBXBuildFile; fileRef = A5151EAA1D8F72F100A9C5DC /* cave-music.mp3 */; };
		A5151EB01D8F72F100A9C5DC /* death.wav in Resources */ = {isa = PBXBuildFile; fileRef = A5151EAB1D8F72F100A9C5DC /* death.wav */; };
		A5151EB11D8F72F100A9C5DC /* heart.wav in Resources */ = {isa = PBXBuildFile; fileRef = A5151EAC1D8F72F100A9C5DC /* heart.wav */; };
		A5151EB21D8F72F100A9C5DC /* skull.wav in Resources */ = {isa = PBXBuildFile; fileRef = A5151EAD1D8F72F100A9C5DC /* skull.wav */; };
		A5F91E0B1D45420E001CC4F8 /* AppDelegate.swift in Sources */ = {isa = PBXBuildFile; fileRef = A5F91E0A1D45420E001CC4F8 /* AppDelegate.swift */; };
		A5F91E0D1D45420E001CC4F8 /* ViewController.swift in Sources */ = {isa = PBXBuildFile; fileRef = A5F91E0C1D45420E001CC4F8 /* ViewController.swift */; };
		A5F91E101D45420E001CC4F8 /* Main.storyboard in Resources */ = {isa = PBXBuildFile; fileRef = A5F91E0E1D45420E001CC4F8 /* Main.storyboard */; };
		A5F91E121D45420E001CC4F8 /* Assets.xcassets in Resources */ = {isa = PBXBuildFile; fileRef = A5F91E111D45420E001CC4F8 /* Assets.xcassets */; };
		A5F91E151D45420E001CC4F8 /* LaunchScreen.storyboard in Resources */ = {isa = PBXBuildFile; fileRef = A5F91E131D45420E001CC4F8 /* LaunchScreen.storyboard */; };
		A5F91E1F1D4C0BC2001CC4F8 /* DragImg.swift in Sources */ = {isa = PBXBuildFile; fileRef = A5F91E1E1D4C0BC2001CC4F8 /* DragImg.swift */; };
		A5F91E211D4C12EE001CC4F8 /* MonsterImg.swift in Sources */ = {isa = PBXBuildFile; fileRef = A5F91E201D4C12EE001CC4F8 /* MonsterImg.swift */; };
/* End PBXBuildFile section */

/* Begin PBXFileReference section */
		A5151EA91D8F72F100A9C5DC /* bite.wav */ = {isa = PBXFileReference; lastKnownFileType = audio.wav; path = bite.wav; sourceTree = "<group>"; };
		A5151EAA1D8F72F100A9C5DC /* cave-music.mp3 */ = {isa = PBXFileReference; lastKnownFileType = audio.mp3; path = "cave-music.mp3"; sourceTree = "<group>"; };
		A5151EAB1D8F72F100A9C5DC /* death.wav */ = {isa = PBXFileReference; lastKnownFileType = audio.wav; path = death.wav; sourceTree = "<group>"; };
		A5151EAC1D8F72F100A9C5DC /* heart.wav */ = {isa = PBXFileReference; lastKnownFileType = audio.wav; path = heart.wav; sourceTree = "<group>"; };
		A5151EAD1D8F72F100A9C5DC /* skull.wav */ = {isa = PBXFileReference; lastKnownFileType = audio.wav; path = skull.wav; sourceTree = "<group>"; };
		A5F91E071D45420E001CC4F8 /* MyLittleMonster.app */ = {isa = PBXFileReference; explicitFileType = wrapper.application; includeInIndex = 0; path = MyLittleMonster.app; sourceTree = BUILT_PRODUCTS_DIR; };
		A5F91E0A1D45420E001CC4F8 /* AppDelegate.swift */ = {isa = PBXFileReference; lastKnownFileType = sourcecode.swift; path = AppDelegate.swift; sourceTree = "<group>"; };
		A5F91E0C1D45420E001CC4F8 /* ViewController.swift */ = {isa = PBXFileReference; lastKnownFileType = sourcecode.swift; path = ViewController.swift; sourceTree = "<group>"; };
		A5F91E0F1D45420E001CC4F8 /* Base */ = {isa = PBXFileReference; lastKnownFileType = file.storyboard; name = Base; path = Base.lproj/Main.storyboard; sourceTree = "<group>"; };
		A5F91E111D45420E001CC4F8 /* Assets.xcassets */ = {isa = PBXFileReference; lastKnownFileType = folder.assetcatalog; path = Assets.xcassets; sourceTree = "<group>"; };
		A5F91E141D45420E001CC4F8 /* Base */ = {isa = PBXFileReference; lastKnownFileType = file.storyboard; name = Base; path = Base.lproj/LaunchScreen.storyboard; sourceTree = "<group>"; };
		A5F91E161D45420E001CC4F8 /* Info.plist */ = {isa = PBXFileReference; lastKnownFileType = text.plist.xml; path = Info.plist; sourceTree = "<group>"; };
		A5F91E1E1D4C0BC2001CC4F8 /* DragImg.swift */ = {isa = PBXFileReference; fileEncoding = 4; lastKnownFileType = sourcecode.swift; path = DragImg.swift; sourceTree = "<group>"; };
		A5F91E201D4C12EE001CC4F8 /* MonsterImg.swift */ = {isa = PBXFileReference; fileEncoding = 4; lastKnownFileType = sourcecode.swift; path = MonsterImg.swift; sourceTree = "<group>"; };
/* End PBXFileReference section */

/* Begin PBXFrameworksBuildPhase section */
		A5F91E041D45420E001CC4F8 /* Frameworks */ = {
			isa = PBXFrameworksBuildPhase;
			buildActionMask = 2147483647;
			files = (
			);
			runOnlyForDeploymentPostprocessing = 0;
		};
/* End PBXFrameworksBuildPhase section */

/* Begin PBXGroup section */
		A5F91DFE1D45420E001CC4F8 = {
			isa = PBXGroup;
			children = (
				A5F91E091D45420E001CC4F8 /* MyLittleMonster */,
				A5F91E081D45420E001CC4F8 /* Products */,
			);
			sourceTree = "<group>";
		};
		A5F91E081D45420E001CC4F8 /* Products */ = {
			isa = PBXGroup;
			children = (
				A5F91E071D45420E001CC4F8 /* MyLittleMonster.app */,
			);
			name = Products;
			sourceTree = "<group>";
		};
		A5F91E091D45420E001CC4F8 /* MyLittleMonster */ = {
			isa = PBXGroup;
			children = (
				A5151EA91D8F72F100A9C5DC /* bite.wav */,
				A5151EAA1D8F72F100A9C5DC /* cave-music.mp3 */,
				A5151EAB1D8F72F100A9C5DC /* death.wav */,
				A5151EAC1D8F72F100A9C5DC /* heart.wav */,
				A5151EAD1D8F72F100A9C5DC /* skull.wav */,
				A5F91E0A1D45420E001CC4F8 /* AppDelegate.swift */,
				A5F91E0C1D45420E001CC4F8 /* ViewController.swift */,
				A5F91E0E1D45420E001CC4F8 /* Main.storyboard */,
				A5F91E111D45420E001CC4F8 /* Assets.xcassets */,
				A5F91E131D45420E001CC4F8 /* LaunchScreen.storyboard */,
				A5F91E161D45420E001CC4F8 /* Info.plist */,
				A5F91E1E1D4C0BC2001CC4F8 /* DragImg.swift */,
				A5F91E201D4C12EE001CC4F8 /* MonsterImg.swift */,
			);
			path = MyLittleMonster;
			sourceTree = "<group>";
		};
/* End PBXGroup section */

/* Begin PBXNativeTarget section */
		A5F91E061D45420E001CC4F8 /* MyLittleMonster */ = {
			isa = PBXNativeTarget;
			buildConfigurationList = A5F91E191D45420E001CC4F8 /* Build configuration list for PBXNativeTarget "MyLittleMonster" */;
			buildPhases = (
				A5F91E031D45420E001CC4F8 /* Sources */,
				A5F91E041D45420E001CC4F8 /* Frameworks */,
				A5F91E051D45420E001CC4F8 /* Resources */,
			);
			buildRules = (
			);
			dependencies = (
			);
			name = MyLittleMonster;
			productName = MyLittleMonster;
			productReference = A5F91E071D45420E001CC4F8 /* MyLittleMonster.app */;
			productType = "com.apple.product-type.application";
		};
/* End PBXNativeTarget section */

/* Begin PBXProject section */
		A5F91DFF1D45420E001CC4F8 /* Project object */ = {
			isa = PBXProject;
			attributes = {
				LastSwiftUpdateCheck = 0730;
				LastUpgradeCheck = 0800;
				ORGANIZATIONNAME = "Sergey Dolgov";
				TargetAttributes = {
					A5F91E061D45420E001CC4F8 = {
						CreatedOnToolsVersion = 7.3.1;
						LastSwiftMigration = 0800;
					};
				};
			};
			buildConfigurationList = A5F91E021D45420E001CC4F8 /* Build configuration list for PBXProject "MyLittleMonster" */;
			compatibilityVersion = "Xcode 3.2";
			developmentRegion = English;
			hasScannedForEncodings = 0;
			knownRegions = (
				en,
				Base,
			);
			mainGroup = A5F91DFE1D45420E001CC4F8;
			productRefGroup = A5F91E081D45420E001CC4F8 /* Products */;
			projectDirPath = "";
			projectRoot = "";
			targets = (
				A5F91E061D45420E001CC4F8 /* MyLittleMonster */,
			);
		};
/* End PBXProject section */

/* Begin PBXResourcesBuildPhase section */
		A5F91E051D45420E001CC4F8 /* Resources */ = {
			isa = PBXResourcesBuildPhase;
			buildActionMask = 2147483647;
			files = (
				A5151EB21D8F72F100A9C5DC /* skull.wav in Resources */,
				A5151EAE1D8F72F100A9C5DC /* bite.wav in Resources */,
				A5151EB01D8F72F100A9C5DC /* death.wav in Resources */,
				A5151EB11D8F72F100A9C5DC /* heart.wav in Resources */,
				A5151EAF1D8F72F100A9C5DC /* cave-music.mp3 in Resources */,
				A5F91E151D45420E001CC4F8 /* LaunchScreen.storyboard in Resources */,
				A5F91E121D45420E001CC4F8 /* Assets.xcassets in Resources */,
				A5F91E101D45420E001CC4F8 /* Main.storyboard in Resources */,
			);
			runOnlyForDeploymentPostprocessing = 0;
		};
/* End PBXResourcesBuildPhase section */

/* Begin PBXSourcesBuildPhase section */
		A5F91E031D45420E001CC4F8 /* Sources */ = {
			isa = PBXSourcesBuildPhase;
			buildActionMask = 2147483647;
			files = (
				A5F91E211D4C12EE001CC4F8 /* MonsterImg.swift in Sources */,
				A5F91E0D1D45420E001CC4F8 /* ViewController.swift in Sources */,
				A5F91E0B1D45420E001CC4F8 /* AppDelegate.swift in Sources */,
				A5F91E1F1D4C0BC2001CC4F8 /* DragImg.swift in Sources */,
			);
			runOnlyForDeploymentPostprocessing = 0;
		};
/* End PBXSourcesBuildPhase section */

/* Begin PBXVariantGroup section */
		A5F91E0E1D45420E001CC4F8 /* Main.storyboard */ = {
			isa = PBXVariantGroup;
			children = (
				A5F91E0F1D45420E001CC4F8 /* Base */,
			);
			name = Main.storyboard;
			sourceTree = "<group>";
		};
		A5F91E131D45420E001CC4F8 /* LaunchScreen.storyboard */ = {
			isa = PBXVariantGroup;
			children = (
				A5F91E141D45420E001CC4F8 /* Base */,
			);
			name = LaunchScreen.storyboard;
			sourceTree = "<group>";
		};
/* End PBXVariantGroup section */

/* Begin XCBuildConfiguration section */
		A5F91E171D45420E001CC4F8 /* Debug */ = {
			isa = XCBuildConfiguration;
			buildSettings = {
				ALWAYS_SEARCH_USER_PATHS = NO;
				CLANG_ANALYZER_NONNULL = YES;
				CLANG_CXX_LANGUAGE_STANDARD = "gnu++0x";
				CLANG_CXX_LIBRARY = "libc++";
				CLANG_ENABLE_MODULES = YES;
				CLANG_ENABLE_OBJC_ARC = YES;
				CLANG_WARN_BOOL_CONVERSION = YES;
				CLANG_WARN_CONSTANT_CONVERSION = YES;
				CLANG_WARN_DIRECT_OBJC_ISA_USAGE = YES_ERROR;
				CLANG_WARN_EMPTY_BODY = YES;
				CLANG_WARN_ENUM_CONVERSION = YES;
				CLANG_WARN_INFINITE_RECURSION = YES;
				CLANG_WARN_INT_CONVERSION = YES;
				CLANG_WARN_OBJC_ROOT_CLASS = YES_ERROR;
				CLANG_WARN_SUSPICIOUS_MOVE = YES;
				CLANG_WARN_UNREACHABLE_CODE = YES;
				CLANG_WARN__DUPLICATE_METHOD_MATCH = YES;
				"CODE_SIGN_IDENTITY[sdk=iphoneos*]" = "iPhone Developer";
				COPY_PHASE_STRIP = NO;
				DEBUG_INFORMATION_FORMAT = dwarf;
				ENABLE_STRICT_OBJC_MSGSEND = YES;
				ENABLE_TESTABILITY = YES;
				GCC_C_LANGUAGE_STANDARD = gnu99;
				GCC_DYNAMIC_NO_PIC = NO;
				GCC_NO_COMMON_BLOCKS = YES;
				GCC_OPTIMIZATION_LEVEL = 0;
				GCC_PREPROCESSOR_DEFINITIONS = (
					"DEBUG=1",
					"$(inherited)",
				);
				GCC_WARN_64_TO_32_BIT_CONVERSION = YES;
				GCC_WARN_ABOUT_RETURN_TYPE = YES_ERROR;
				GCC_WARN_UNDECLARED_SELECTOR = YES;
				GCC_WARN_UNINITIALIZED_AUTOS = YES_AGGRESSIVE;
				GCC_WARN_UNUSED_FUNCTION = YES;
				GCC_WARN_UNUSED_VARIABLE = YES;
				IPHONEOS_DEPLOYMENT_TARGET = 9.3;
				MTL_ENABLE_DEBUG_INFO = YES;
				ONLY_ACTIVE_ARCH = YES;
				SDKROOT = iphoneos;
				SWIFT_OPTIMIZATION_LEVEL = "-Onone";
				TARGETED_DEVICE_FAMILY = "1,2";
			};
			name = Debug;
		};
		A5F91E181D45420E001CC4F8 /* Release */ = {
			isa = XCBuildConfiguration;
			buildSettings = {
				ALWAYS_SEARCH_USER_PATHS = NO;
				CLANG_ANALYZER_NONNULL = YES;
				CLANG_CXX_LANGUAGE_STANDARD = "gnu++0x";
				CLANG_CXX_LIBRARY = "libc++";
				CLANG_ENABLE_MODULES = YES;
				CLANG_ENABLE_OBJC_ARC = YES;
				CLANG_WARN_BOOL_CONVERSION = YES;
				CLANG_WARN_CONSTANT_CONVERSION = YES;
				CLANG_WARN_DIRECT_OBJC_ISA_USAGE = YES_ERROR;
				CLANG_WARN_EMPTY_BODY = YES;
				CLANG_WARN_ENUM_CONVERSION = YES;
				CLANG_WARN_INFINITE_RECURSION = YES;
				CLANG_WARN_INT_CONVERSION = YES;
				CLANG_WARN_OBJC_ROOT_CLASS = YES_ERROR;
				CLANG_WARN_SUSPICIOUS_MOVE = YES;
				CLANG_WARN_UNREACHABLE_CODE = YES;
				CLANG_WARN__DUPLICATE_METHOD_MATCH = YES;
				"CODE_SIGN_IDENTITY[sdk=iphoneos*]" = "iPhone Developer";
				COPY_PHASE_STRIP = NO;
				DEBUG_INFORMATION_FORMAT = "dwarf-with-dsym";
				ENABLE_NS_ASSERTIONS = NO;
				ENABLE_STRICT_OBJC_MSGSEND = YES;
				GCC_C_LANGUAGE_STANDARD = gnu99;
				GCC_NO_COMMON_BLOCKS = YES;
				GCC_WARN_64_TO_32_BIT_CONVERSION = YES;
				GCC_WARN_ABOUT_RETURN_TYPE = YES_ERROR;
				GCC_WARN_UNDECLARED_SELECTOR = YES;
				GCC_WARN_UNINITIALIZED_AUTOS = YES_AGGRESSIVE;
				GCC_WARN_UNUSED_FUNCTION = YES;
				GCC_WARN_UNUSED_VARIABLE = YES;
				IPHONEOS_DEPLOYMENT_TARGET = 9.3;
				MTL_ENABLE_DEBUG_INFO = NO;
				SDKROOT = iphoneos;
				SWIFT_OPTIMIZATION_LEVEL = "-Owholemodule";
				TARGETED_DEVICE_FAMILY = "1,2";
				VALIDATE_PRODUCT = YES;
			};
			name = Release;
		};
		A5F91E1A1D45420E001CC4F8 /* Debug */ = {
			isa = XCBuildConfiguration;
			buildSettings = {
				ASSETCATALOG_COMPILER_APPICON_NAME = AppIcon;
				INFOPLIST_FILE = MyLittleMonster/Info.plist;
				LD_RUNPATH_SEARCH_PATHS = "$(inherited) @executable_path/Frameworks";
				PRODUCT_BUNDLE_IDENTIFIER = com.streemfly.MyLittleMonster;
				PRODUCT_NAME = "$(TARGET_NAME)";
				SWIFT_VERSION = 3.0;
			};
			name = Debug;
		};
		A5F91E1B1D45420E001CC4F8 /* Release */ = {
			isa = XCBuildConfiguration;
			buildSettings = {
				ASSETCATALOG_COMPILER_APPICON_NAME = AppIcon;
				INFOPLIST_FILE = MyLittleMonster/Info.plist;
				LD_RUNPATH_SEARCH_PATHS = "$(inherited) @executable_path/Frameworks";
				PRODUCT_BUNDLE_IDENTIFIER = com.streemfly.MyLittleMonster;
				PRODUCT_NAME = "$(TARGET_NAME)";
				SWIFT_VERSION = 3.0;
			};
			name = Release;
		};
/* End XCBuildConfiguration section */

/* Begin XCConfigurationList section */
		A5F91E021D45420E001CC4F8 /* Build configuration list for PBXProject "MyLittleMonster" */ = {
			isa = XCConfigurationList;
			buildConfigurations = (
				A5F91E171D45420E001CC4F8 /* Debug */,
				A5F91E181D45420E001CC4F8 /* Release */,
			);
			defaultConfigurationIsVisible = 0;
			defaultConfigurationName = Release;
		};
		A5F91E191D45420E001CC4F8 /* Build configuration list for PBXNativeTarget "MyLittleMonster" */ = {
			isa = XCConfigurationList;
			buildConfigurations = (
				A5F91E1A1D45420E001CC4F8 /* Debug */,
				A5F91E1B1D45420E001CC4F8 /* Release */,
			);
			defaultConfigurationIsVisible = 0;
			defaultConfigurationName = Release;
		};
/* End XCConfigurationList section */
	};
	rootObject = A5F91DFF1D45420E001CC4F8 /* Project object */;
}
